// !$*UTF8*$!
{
	archiveVersion = 1;
	classes = {
	};
	objectVersion = 46;
	objects = {

/* Begin PBXBuildFile section */
		C720741A500D520BCBFC3DE6 /* Pods_Fictionary.framework in Frameworks */ = {isa = PBXBuildFile; fileRef = 257B97310A284A02CA560688 /* Pods_Fictionary.framework */; };
		DB03E9111D2F20FD0098B7A8 /* DesignTestViewController.swift in Sources */ = {isa = PBXBuildFile; fileRef = DB03E9101D2F20FC0098B7A8 /* DesignTestViewController.swift */; };
		DB03E9131D2F210D0098B7A8 /* DesignTestStoryboard.storyboard in Resources */ = {isa = PBXBuildFile; fileRef = DB03E9121D2F210D0098B7A8 /* DesignTestStoryboard.storyboard */; };
		DB03E9161D2FE9720098B7A8 /* SF-UI-Text-Heavy.otf in Resources */ = {isa = PBXBuildFile; fileRef = DB03E9151D2FE9720098B7A8 /* SF-UI-Text-Heavy.otf */; };
		DB03E9181D2FEA540098B7A8 /* SF-Compact-Text-Bold.otf in Resources */ = {isa = PBXBuildFile; fileRef = DB03E9171D2FEA540098B7A8 /* SF-Compact-Text-Bold.otf */; };
		DB03E91A1D2FEA760098B7A8 /* SF-UI-Text-Semibold.otf in Resources */ = {isa = PBXBuildFile; fileRef = DB03E9191D2FEA760098B7A8 /* SF-UI-Text-Semibold.otf */; };
		DB03E91C1D2FEAA70098B7A8 /* SF-UI-Text-RegularItalic.otf in Resources */ = {isa = PBXBuildFile; fileRef = DB03E91B1D2FEAA70098B7A8 /* SF-UI-Text-RegularItalic.otf */; };
		DB03E91E1D2FEAC90098B7A8 /* SF-Compact-Text-Regular.otf in Resources */ = {isa = PBXBuildFile; fileRef = DB03E91D1D2FEAC90098B7A8 /* SF-Compact-Text-Regular.otf */; };
		DB03E9201D2FEAE90098B7A8 /* SF-UI-Text-Bold.otf in Resources */ = {isa = PBXBuildFile; fileRef = DB03E91F1D2FEAE90098B7A8 /* SF-UI-Text-Bold.otf */; };
		DB03E9221D300AD40098B7A8 /* DesignTestView.swift in Sources */ = {isa = PBXBuildFile; fileRef = DB03E9211D300AD40098B7A8 /* DesignTestView.swift */; };
		DB03E9241D301DAB0098B7A8 /* DesignCreateAccountViewController.swift in Sources */ = {isa = PBXBuildFile; fileRef = DB03E9231D301DAB0098B7A8 /* DesignCreateAccountViewController.swift */; };
		DB03E9261D3029540098B7A8 /* UIColor+.swift in Sources */ = {isa = PBXBuildFile; fileRef = DB03E9251D3029540098B7A8 /* UIColor+.swift */; };
		DBCFB41D1D22DF5500200F10 /* AppDelegate.swift in Sources */ = {isa = PBXBuildFile; fileRef = DBCFB41C1D22DF5500200F10 /* AppDelegate.swift */; };
		DBCFB41F1D22DF5500200F10 /* ViewController.swift in Sources */ = {isa = PBXBuildFile; fileRef = DBCFB41E1D22DF5500200F10 /* ViewController.swift */; };
		DBCFB4221D22DF5500200F10 /* Main.storyboard in Resources */ = {isa = PBXBuildFile; fileRef = DBCFB4201D22DF5500200F10 /* Main.storyboard */; };
		DBCFB4241D22DF5500200F10 /* Assets.xcassets in Resources */ = {isa = PBXBuildFile; fileRef = DBCFB4231D22DF5500200F10 /* Assets.xcassets */; };
		DBCFB4271D22DF5500200F10 /* LaunchScreen.storyboard in Resources */ = {isa = PBXBuildFile; fileRef = DBCFB4251D22DF5500200F10 /* LaunchScreen.storyboard */; };
		DBCFB4881D25712400200F10 /* DrawViewController.swift in Sources */ = {isa = PBXBuildFile; fileRef = DBCFB4871D25712400200F10 /* DrawViewController.swift */; };
		DBCFB48B1D25714A00200F10 /* Drawing.storyboard in Resources */ = {isa = PBXBuildFile; fileRef = DBCFB48A1D25714A00200F10 /* Drawing.storyboard */; };
		DBCFB48D1D25729500200F10 /* DrawView.swift in Sources */ = {isa = PBXBuildFile; fileRef = DBCFB48C1D25729500200F10 /* DrawView.swift */; };
		DBCFB4901D25763500200F10 /* FreehandDrawController.swift in Sources */ = {isa = PBXBuildFile; fileRef = DBCFB48F1D25763500200F10 /* FreehandDrawController.swift */; };
		DBCFB4921D25764A00200F10 /* Segment.swift in Sources */ = {isa = PBXBuildFile; fileRef = DBCFB4911D25764A00200F10 /* Segment.swift */; };
		DBCFB4941D25766600200F10 /* WidthModulation.swift in Sources */ = {isa = PBXBuildFile; fileRef = DBCFB4931D25766600200F10 /* WidthModulation.swift */; };
		DBCFB4961D25769D00200F10 /* DrawCommands.swift in Sources */ = {isa = PBXBuildFile; fileRef = DBCFB4951D25769D00200F10 /* DrawCommands.swift */; };
		DBCFB4981D2576B000200F10 /* LineDrawCommand.swift in Sources */ = {isa = PBXBuildFile; fileRef = DBCFB4971D2576B000200F10 /* LineDrawCommand.swift */; };
		DBCFB49A1D2576CB00200F10 /* CircleDrawCommand.swift in Sources */ = {isa = PBXBuildFile; fileRef = DBCFB4991D2576CB00200F10 /* CircleDrawCommand.swift */; };
		DBCFB49C1D2576DB00200F10 /* ComposedCommand.swift in Sources */ = {isa = PBXBuildFile; fileRef = DBCFB49B1D2576DB00200F10 /* ComposedCommand.swift */; };
		F95FCD911D3417C700FD7C83 /* RevisedCircleTimerView.swift in Sources */ = {isa = PBXBuildFile; fileRef = F95FCD901D3417C700FD7C83 /* RevisedCircleTimerView.swift */; };
		F96CBBBC1D32CAB9006184C8 /* JoinGameRuleView.swift in Sources */ = {isa = PBXBuildFile; fileRef = F96CBBBB1D32CAB9006184C8 /* JoinGameRuleView.swift */; };
		F96CBBBE1D33036C006184C8 /* CircleTimer.swift in Sources */ = {isa = PBXBuildFile; fileRef = F96CBBBD1D33036C006184C8 /* CircleTimer.swift */; };
		F9A17AE41D2EE31F002FD1D2 /* DemoExit.storyboard in Resources */ = {isa = PBXBuildFile; fileRef = F9A17AE31D2EE31F002FD1D2 /* DemoExit.storyboard */; };
		F9A17AE61D2F01E1002FD1D2 /* DemoExitViewController.swift in Sources */ = {isa = PBXBuildFile; fileRef = F9A17AE51D2F01E1002FD1D2 /* DemoExitViewController.swift */; };
		F9B48FEC1D22E68A0031C5FC /* JoinGameViewController.swift in Sources */ = {isa = PBXBuildFile; fileRef = F9B48FEB1D22E68A0031C5FC /* JoinGameViewController.swift */; };
		F9B48FEE1D22E6BE0031C5FC /* StartGameViewController.swift in Sources */ = {isa = PBXBuildFile; fileRef = F9B48FED1D22E6BE0031C5FC /* StartGameViewController.swift */; };
		F9B48FF01D22E7F10031C5FC /* MultipeerConnectivity.framework in Frameworks */ = {isa = PBXBuildFile; fileRef = F9B48FEF1D22E7F10031C5FC /* MultipeerConnectivity.framework */; };
		F9B48FF31D22E8620031C5FC /* MPCHandler.swift in Sources */ = {isa = PBXBuildFile; fileRef = F9B48FF21D22E8620031C5FC /* MPCHandler.swift */; };
		F9B48FF71D2344880031C5FC /* ArchiverHelper.swift in Sources */ = {isa = PBXBuildFile; fileRef = F9B48FF61D2344880031C5FC /* ArchiverHelper.swift */; };
		F9E0F9421D2BFD0400229202 /* JoinGameStartGame.storyboard in Resources */ = {isa = PBXBuildFile; fileRef = F9E0F9411D2BFD0400229202 /* JoinGameStartGame.storyboard */; };
		F9E341611D25E9AA00BD0017 /* Server.swift in Sources */ = {isa = PBXBuildFile; fileRef = F9E341601D25E9AA00BD0017 /* Server.swift */; };
		F9E341631D2622CF00BD0017 /* MessageHandler.swift in Sources */ = {isa = PBXBuildFile; fileRef = F9E341621D2622CF00BD0017 /* MessageHandler.swift */; };
		FA0C67BB1D249B4C007ADE75 /* FBSDKCoreKit.framework in Frameworks */ = {isa = PBXBuildFile; fileRef = FA0C67B81D249B4C007ADE75 /* FBSDKCoreKit.framework */; };
		FA0C67BC1D249B4C007ADE75 /* FBSDKLoginKit.framework in Frameworks */ = {isa = PBXBuildFile; fileRef = FA0C67B91D249B4C007ADE75 /* FBSDKLoginKit.framework */; };
		FA0C67BD1D249B4C007ADE75 /* FBSDKShareKit.framework in Frameworks */ = {isa = PBXBuildFile; fileRef = FA0C67BA1D249B4C007ADE75 /* FBSDKShareKit.framework */; };
		FA0C67C01D24AA1B007ADE75 /* EnterGameViewController.swift in Sources */ = {isa = PBXBuildFile; fileRef = FA0C67BF1D24AA1B007ADE75 /* EnterGameViewController.swift */; };
		FA0C67C21D25754D007ADE75 /* Player.swift in Sources */ = {isa = PBXBuildFile; fileRef = FA0C67C11D25754D007ADE75 /* Player.swift */; };
		FA0C67C71D259B20007ADE75 /* Game.storyboard in Resources */ = {isa = PBXBuildFile; fileRef = FA0C67C61D259B20007ADE75 /* Game.storyboard */; };
		FA0C67C91D259D00007ADE75 /* GameViewController.swift in Sources */ = {isa = PBXBuildFile; fileRef = FA0C67C81D259D00007ADE75 /* GameViewController.swift */; };
		FA0C67CC1D267860007ADE75 /* Demo.storyboard in Resources */ = {isa = PBXBuildFile; fileRef = FA0C67CB1D267860007ADE75 /* Demo.storyboard */; };
		FA0C67CF1D26ACC2007ADE75 /* MyProfile.storyboard in Resources */ = {isa = PBXBuildFile; fileRef = FA0C67CE1D26ACC2007ADE75 /* MyProfile.storyboard */; };
		FA0C67D11D26ACCF007ADE75 /* MyProfileViewController.swift in Sources */ = {isa = PBXBuildFile; fileRef = FA0C67D01D26ACCF007ADE75 /* MyProfileViewController.swift */; };
		FA0C67D31D26C559007ADE75 /* ProfileCardCollectionViewCell.swift in Sources */ = {isa = PBXBuildFile; fileRef = FA0C67D21D26C559007ADE75 /* ProfileCardCollectionViewCell.swift */; };
		FA0C67D51D26F178007ADE75 /* Default-568h@2x.png in Resources */ = {isa = PBXBuildFile; fileRef = FA0C67D41D26F178007ADE75 /* Default-568h@2x.png */; };
		FA0C67D71D26F9B4007ADE75 /* DemoViewController.swift in Sources */ = {isa = PBXBuildFile; fileRef = FA0C67D61D26F9B4007ADE75 /* DemoViewController.swift */; };
		FAB76FB31D2309220012A786 /* CaptionPhoto.storyboard in Resources */ = {isa = PBXBuildFile; fileRef = FAB76FB21D2309220012A786 /* CaptionPhoto.storyboard */; };
		FAB76FB51D2309340012A786 /* CaptionPhotoViewController.swift in Sources */ = {isa = PBXBuildFile; fileRef = FAB76FB41D2309340012A786 /* CaptionPhotoViewController.swift */; };
		FAB76FB71D230F950012A786 /* penguin.jpg in Resources */ = {isa = PBXBuildFile; fileRef = FAB76FB61D230F950012A786 /* penguin.jpg */; };
		FAB76FBA1D234A740012A786 /* Timer.storyboard in Resources */ = {isa = PBXBuildFile; fileRef = FAB76FB91D234A740012A786 /* Timer.storyboard */; };
		FAB76FBC1D234A8F0012A786 /* TimerViewController.swift in Sources */ = {isa = PBXBuildFile; fileRef = FAB76FBB1D234A8F0012A786 /* TimerViewController.swift */; };
		FAB76FBF1D234E680012A786 /* SwipeStacks.storyboard in Resources */ = {isa = PBXBuildFile; fileRef = FAB76FBE1D234E680012A786 /* SwipeStacks.storyboard */; };
		FAB76FC11D234E740012A786 /* SwipeStacksViewController.swift in Sources */ = {isa = PBXBuildFile; fileRef = FAB76FC01D234E740012A786 /* SwipeStacksViewController.swift */; };
		FAB76FC31D2352A60012A786 /* StackCell.swift in Sources */ = {isa = PBXBuildFile; fileRef = FAB76FC21D2352A60012A786 /* StackCell.swift */; };
		FAB76FC91D23DF660012A786 /* everythingbutthesink.png in Resources */ = {isa = PBXBuildFile; fileRef = FAB76FC41D23DF660012A786 /* everythingbutthesink.png */; };
		FAB76FCA1D23DF660012A786 /* bullinachinacloset.png in Resources */ = {isa = PBXBuildFile; fileRef = FAB76FC51D23DF660012A786 /* bullinachinacloset.png */; };
		FAB76FCB1D23DF660012A786 /* etphonehome.png in Resources */ = {isa = PBXBuildFile; fileRef = FAB76FC61D23DF660012A786 /* etphonehome.png */; };
		FAB76FCC1D23DF660012A786 /* jackandjill.png in Resources */ = {isa = PBXBuildFile; fileRef = FAB76FC71D23DF660012A786 /* jackandjill.png */; };
		FAB76FCD1D23DF660012A786 /* cowjumpedoverthemoon.png in Resources */ = {isa = PBXBuildFile; fileRef = FAB76FC81D23DF660012A786 /* cowjumpedoverthemoon.png */; };
		FAB76FD51D23DFA30012A786 /* image1.jpeg in Resources */ = {isa = PBXBuildFile; fileRef = FAB76FCE1D23DFA30012A786 /* image1.jpeg */; };
		FAB76FD61D23DFA30012A786 /* image2.jpg in Resources */ = {isa = PBXBuildFile; fileRef = FAB76FCF1D23DFA30012A786 /* image2.jpg */; };
		FAB76FD71D23DFA30012A786 /* image3.jpg in Resources */ = {isa = PBXBuildFile; fileRef = FAB76FD01D23DFA30012A786 /* image3.jpg */; };
		FAB76FD81D23DFA30012A786 /* image4.gif in Resources */ = {isa = PBXBuildFile; fileRef = FAB76FD11D23DFA30012A786 /* image4.gif */; };
		FAB76FD91D23DFA30012A786 /* image5.jpg in Resources */ = {isa = PBXBuildFile; fileRef = FAB76FD21D23DFA30012A786 /* image5.jpg */; };
		FAB76FDA1D23DFA30012A786 /* image6.jpg in Resources */ = {isa = PBXBuildFile; fileRef = FAB76FD31D23DFA30012A786 /* image6.jpg */; };
		FAB76FDB1D23DFA30012A786 /* image7.png in Resources */ = {isa = PBXBuildFile; fileRef = FAB76FD41D23DFA30012A786 /* image7.png */; };
		FAB76FDD1D23E0980012A786 /* CustomTableViewCell.swift in Sources */ = {isa = PBXBuildFile; fileRef = FAB76FDC1D23E0980012A786 /* CustomTableViewCell.swift */; };
		FAB76FE01D24222D0012A786 /* RandomCaption.storyboard in Resources */ = {isa = PBXBuildFile; fileRef = FAB76FDF1D24222D0012A786 /* RandomCaption.storyboard */; };
		FAB76FE21D24223B0012A786 /* RandomCaptionViewController.swift in Sources */ = {isa = PBXBuildFile; fileRef = FAB76FE11D24223B0012A786 /* RandomCaptionViewController.swift */; };
		FAB76FE41D2432280012A786 /* ViewImageViewController.swift in Sources */ = {isa = PBXBuildFile; fileRef = FAB76FE31D2432280012A786 /* ViewImageViewController.swift */; };
		FAB76FE71D244CCB0012A786 /* Home.storyboard in Resources */ = {isa = PBXBuildFile; fileRef = FAB76FE61D244CCB0012A786 /* Home.storyboard */; };
		FAB76FE91D244CD50012A786 /* HomeViewController.swift in Sources */ = {isa = PBXBuildFile; fileRef = FAB76FE81D244CD50012A786 /* HomeViewController.swift */; };
		FAB76FEB1D2450320012A786 /* GoogleService-Info.plist in Resources */ = {isa = PBXBuildFile; fileRef = FAB76FEA1D2450320012A786 /* GoogleService-Info.plist */; };
		FACB72261D2C1A0C0029AE1B /* Login.storyboard in Resources */ = {isa = PBXBuildFile; fileRef = FACB72251D2C1A0C0029AE1B /* Login.storyboard */; };
		FACB72281D2C1A1E0029AE1B /* LoginViewController.swift in Sources */ = {isa = PBXBuildFile; fileRef = FACB72271D2C1A1E0029AE1B /* LoginViewController.swift */; };
		FACB722C1D2C2A540029AE1B /* SeeMyProfileViewController.swift in Sources */ = {isa = PBXBuildFile; fileRef = FACB722B1D2C2A540029AE1B /* SeeMyProfileViewController.swift */; };
/* End PBXBuildFile section */

/* Begin PBXFileReference section */
		257B97310A284A02CA560688 /* Pods_Fictionary.framework */ = {isa = PBXFileReference; explicitFileType = wrapper.framework; includeInIndex = 0; path = Pods_Fictionary.framework; sourceTree = BUILT_PRODUCTS_DIR; };
		ADFED090B4BC4624C0BA6982 /* Pods-Fictionary.release.xcconfig */ = {isa = PBXFileReference; includeInIndex = 1; lastKnownFileType = text.xcconfig; name = "Pods-Fictionary.release.xcconfig"; path = "Pods/Target Support Files/Pods-Fictionary/Pods-Fictionary.release.xcconfig"; sourceTree = "<group>"; };
		DB03E9101D2F20FC0098B7A8 /* DesignTestViewController.swift */ = {isa = PBXFileReference; fileEncoding = 4; lastKnownFileType = sourcecode.swift; path = DesignTestViewController.swift; sourceTree = "<group>"; };
		DB03E9121D2F210D0098B7A8 /* DesignTestStoryboard.storyboard */ = {isa = PBXFileReference; fileEncoding = 4; lastKnownFileType = file.storyboard; path = DesignTestStoryboard.storyboard; sourceTree = "<group>"; };
		DB03E9151D2FE9720098B7A8 /* SF-UI-Text-Heavy.otf */ = {isa = PBXFileReference; lastKnownFileType = file; name = "SF-UI-Text-Heavy.otf"; path = "../SF-UI-Text-Heavy.otf"; sourceTree = "<group>"; };
		DB03E9171D2FEA540098B7A8 /* SF-Compact-Text-Bold.otf */ = {isa = PBXFileReference; lastKnownFileType = file; name = "SF-Compact-Text-Bold.otf"; path = "../SF-Compact-Text-Bold.otf"; sourceTree = "<group>"; };
		DB03E9191D2FEA760098B7A8 /* SF-UI-Text-Semibold.otf */ = {isa = PBXFileReference; lastKnownFileType = file; name = "SF-UI-Text-Semibold.otf"; path = "../SF-UI-Text-Semibold.otf"; sourceTree = "<group>"; };
		DB03E91B1D2FEAA70098B7A8 /* SF-UI-Text-RegularItalic.otf */ = {isa = PBXFileReference; lastKnownFileType = file; name = "SF-UI-Text-RegularItalic.otf"; path = "../SF-UI-Text-RegularItalic.otf"; sourceTree = "<group>"; };
		DB03E91D1D2FEAC90098B7A8 /* SF-Compact-Text-Regular.otf */ = {isa = PBXFileReference; lastKnownFileType = file; name = "SF-Compact-Text-Regular.otf"; path = "../SF-Compact-Text-Regular.otf"; sourceTree = "<group>"; };
		DB03E91F1D2FEAE90098B7A8 /* SF-UI-Text-Bold.otf */ = {isa = PBXFileReference; lastKnownFileType = file; name = "SF-UI-Text-Bold.otf"; path = "../SF-UI-Text-Bold.otf"; sourceTree = "<group>"; };
		DB03E9211D300AD40098B7A8 /* DesignTestView.swift */ = {isa = PBXFileReference; fileEncoding = 4; lastKnownFileType = sourcecode.swift; path = DesignTestView.swift; sourceTree = "<group>"; };
		DB03E9231D301DAB0098B7A8 /* DesignCreateAccountViewController.swift */ = {isa = PBXFileReference; fileEncoding = 4; lastKnownFileType = sourcecode.swift; path = DesignCreateAccountViewController.swift; sourceTree = "<group>"; };
		DB03E9251D3029540098B7A8 /* UIColor+.swift */ = {isa = PBXFileReference; fileEncoding = 4; lastKnownFileType = sourcecode.swift; path = "UIColor+.swift"; sourceTree = "<group>"; };
		DBCFB4191D22DF5500200F10 /* Fictionary.app */ = {isa = PBXFileReference; explicitFileType = wrapper.application; includeInIndex = 0; path = Fictionary.app; sourceTree = BUILT_PRODUCTS_DIR; };
		DBCFB41C1D22DF5500200F10 /* AppDelegate.swift */ = {isa = PBXFileReference; lastKnownFileType = sourcecode.swift; path = AppDelegate.swift; sourceTree = "<group>"; };
		DBCFB41E1D22DF5500200F10 /* ViewController.swift */ = {isa = PBXFileReference; lastKnownFileType = sourcecode.swift; name = ViewController.swift; path = Fictionary/ViewController.swift; sourceTree = "<group>"; };
		DBCFB4211D22DF5500200F10 /* Base */ = {isa = PBXFileReference; lastKnownFileType = file.storyboard; name = Base; path = Base.lproj/Main.storyboard; sourceTree = "<group>"; };
		DBCFB4231D22DF5500200F10 /* Assets.xcassets */ = {isa = PBXFileReference; lastKnownFileType = folder.assetcatalog; path = Assets.xcassets; sourceTree = "<group>"; };
		DBCFB4261D22DF5500200F10 /* Base */ = {isa = PBXFileReference; lastKnownFileType = file.storyboard; name = Base; path = Base.lproj/LaunchScreen.storyboard; sourceTree = "<group>"; };
		DBCFB4281D22DF5500200F10 /* Info.plist */ = {isa = PBXFileReference; lastKnownFileType = text.plist.xml; path = Info.plist; sourceTree = "<group>"; };
		DBCFB4871D25712400200F10 /* DrawViewController.swift */ = {isa = PBXFileReference; fileEncoding = 4; lastKnownFileType = sourcecode.swift; path = DrawViewController.swift; sourceTree = "<group>"; };
		DBCFB48A1D25714A00200F10 /* Drawing.storyboard */ = {isa = PBXFileReference; fileEncoding = 4; lastKnownFileType = file.storyboard; path = Drawing.storyboard; sourceTree = "<group>"; };
		DBCFB48C1D25729500200F10 /* DrawView.swift */ = {isa = PBXFileReference; fileEncoding = 4; lastKnownFileType = sourcecode.swift; path = DrawView.swift; sourceTree = "<group>"; };
		DBCFB48F1D25763500200F10 /* FreehandDrawController.swift */ = {isa = PBXFileReference; fileEncoding = 4; lastKnownFileType = sourcecode.swift; path = FreehandDrawController.swift; sourceTree = "<group>"; };
		DBCFB4911D25764A00200F10 /* Segment.swift */ = {isa = PBXFileReference; fileEncoding = 4; lastKnownFileType = sourcecode.swift; path = Segment.swift; sourceTree = "<group>"; };
		DBCFB4931D25766600200F10 /* WidthModulation.swift */ = {isa = PBXFileReference; fileEncoding = 4; lastKnownFileType = sourcecode.swift; path = WidthModulation.swift; sourceTree = "<group>"; };
		DBCFB4951D25769D00200F10 /* DrawCommands.swift */ = {isa = PBXFileReference; fileEncoding = 4; lastKnownFileType = sourcecode.swift; path = DrawCommands.swift; sourceTree = "<group>"; };
		DBCFB4971D2576B000200F10 /* LineDrawCommand.swift */ = {isa = PBXFileReference; fileEncoding = 4; lastKnownFileType = sourcecode.swift; path = LineDrawCommand.swift; sourceTree = "<group>"; };
		DBCFB4991D2576CB00200F10 /* CircleDrawCommand.swift */ = {isa = PBXFileReference; fileEncoding = 4; lastKnownFileType = sourcecode.swift; path = CircleDrawCommand.swift; sourceTree = "<group>"; };
		DBCFB49B1D2576DB00200F10 /* ComposedCommand.swift */ = {isa = PBXFileReference; fileEncoding = 4; lastKnownFileType = sourcecode.swift; path = ComposedCommand.swift; sourceTree = "<group>"; };
		EAD9C72FCD96518D196323B0 /* Pods-Fictionary.debug.xcconfig */ = {isa = PBXFileReference; includeInIndex = 1; lastKnownFileType = text.xcconfig; name = "Pods-Fictionary.debug.xcconfig"; path = "Pods/Target Support Files/Pods-Fictionary/Pods-Fictionary.debug.xcconfig"; sourceTree = "<group>"; };
		F95FCD901D3417C700FD7C83 /* RevisedCircleTimerView.swift */ = {isa = PBXFileReference; fileEncoding = 4; lastKnownFileType = sourcecode.swift; path = RevisedCircleTimerView.swift; sourceTree = "<group>"; };
		F96CBBBB1D32CAB9006184C8 /* JoinGameRuleView.swift */ = {isa = PBXFileReference; fileEncoding = 4; lastKnownFileType = sourcecode.swift; path = JoinGameRuleView.swift; sourceTree = "<group>"; };
		F96CBBBD1D33036C006184C8 /* CircleTimer.swift */ = {isa = PBXFileReference; fileEncoding = 4; lastKnownFileType = sourcecode.swift; path = CircleTimer.swift; sourceTree = "<group>"; };
		F9A17AE31D2EE31F002FD1D2 /* DemoExit.storyboard */ = {isa = PBXFileReference; fileEncoding = 4; lastKnownFileType = file.storyboard; name = DemoExit.storyboard; path = Fictionary/DemoExit.storyboard; sourceTree = "<group>"; };
		F9A17AE51D2F01E1002FD1D2 /* DemoExitViewController.swift */ = {isa = PBXFileReference; fileEncoding = 4; lastKnownFileType = sourcecode.swift; path = DemoExitViewController.swift; sourceTree = "<group>"; };
		F9B48FEB1D22E68A0031C5FC /* JoinGameViewController.swift */ = {isa = PBXFileReference; fileEncoding = 4; lastKnownFileType = sourcecode.swift; path = JoinGameViewController.swift; sourceTree = "<group>"; };
		F9B48FED1D22E6BE0031C5FC /* StartGameViewController.swift */ = {isa = PBXFileReference; fileEncoding = 4; lastKnownFileType = sourcecode.swift; path = StartGameViewController.swift; sourceTree = "<group>"; };
		F9B48FEF1D22E7F10031C5FC /* MultipeerConnectivity.framework */ = {isa = PBXFileReference; lastKnownFileType = wrapper.framework; name = MultipeerConnectivity.framework; path = System/Library/Frameworks/MultipeerConnectivity.framework; sourceTree = SDKROOT; };
		F9B48FF21D22E8620031C5FC /* MPCHandler.swift */ = {isa = PBXFileReference; fileEncoding = 4; lastKnownFileType = sourcecode.swift; path = MPCHandler.swift; sourceTree = "<group>"; };
		F9B48FF61D2344880031C5FC /* ArchiverHelper.swift */ = {isa = PBXFileReference; fileEncoding = 4; lastKnownFileType = sourcecode.swift; path = ArchiverHelper.swift; sourceTree = "<group>"; };
		F9E0F9411D2BFD0400229202 /* JoinGameStartGame.storyboard */ = {isa = PBXFileReference; fileEncoding = 4; lastKnownFileType = file.storyboard; path = JoinGameStartGame.storyboard; sourceTree = "<group>"; };
		F9E341601D25E9AA00BD0017 /* Server.swift */ = {isa = PBXFileReference; fileEncoding = 4; lastKnownFileType = sourcecode.swift; path = Server.swift; sourceTree = "<group>"; };
		F9E341621D2622CF00BD0017 /* MessageHandler.swift */ = {isa = PBXFileReference; fileEncoding = 4; lastKnownFileType = sourcecode.swift; name = MessageHandler.swift; path = Fictionary/MessageHandler.swift; sourceTree = "<group>"; };
		FA0C67B81D249B4C007ADE75 /* FBSDKCoreKit.framework */ = {isa = PBXFileReference; lastKnownFileType = wrapper.framework; path = FBSDKCoreKit.framework; sourceTree = "<group>"; };
		FA0C67B91D249B4C007ADE75 /* FBSDKLoginKit.framework */ = {isa = PBXFileReference; lastKnownFileType = wrapper.framework; path = FBSDKLoginKit.framework; sourceTree = "<group>"; };
		FA0C67BA1D249B4C007ADE75 /* FBSDKShareKit.framework */ = {isa = PBXFileReference; lastKnownFileType = wrapper.framework; path = FBSDKShareKit.framework; sourceTree = "<group>"; };
		FA0C67BE1D249CA1007ADE75 /* Bridging-Header.h */ = {isa = PBXFileReference; lastKnownFileType = sourcecode.c.h; path = "Bridging-Header.h"; sourceTree = "<group>"; };
		FA0C67BF1D24AA1B007ADE75 /* EnterGameViewController.swift */ = {isa = PBXFileReference; fileEncoding = 4; lastKnownFileType = sourcecode.swift; path = EnterGameViewController.swift; sourceTree = "<group>"; };
		FA0C67C11D25754D007ADE75 /* Player.swift */ = {isa = PBXFileReference; fileEncoding = 4; lastKnownFileType = sourcecode.swift; path = Player.swift; sourceTree = "<group>"; };
		FA0C67C61D259B20007ADE75 /* Game.storyboard */ = {isa = PBXFileReference; fileEncoding = 4; lastKnownFileType = file.storyboard; path = Game.storyboard; sourceTree = "<group>"; };
		FA0C67C81D259D00007ADE75 /* GameViewController.swift */ = {isa = PBXFileReference; fileEncoding = 4; lastKnownFileType = sourcecode.swift; path = GameViewController.swift; sourceTree = "<group>"; };
		FA0C67CB1D267860007ADE75 /* Demo.storyboard */ = {isa = PBXFileReference; fileEncoding = 4; lastKnownFileType = file.storyboard; path = Demo.storyboard; sourceTree = "<group>"; };
		FA0C67CE1D26ACC2007ADE75 /* MyProfile.storyboard */ = {isa = PBXFileReference; fileEncoding = 4; lastKnownFileType = file.storyboard; path = MyProfile.storyboard; sourceTree = "<group>"; };
		FA0C67D01D26ACCF007ADE75 /* MyProfileViewController.swift */ = {isa = PBXFileReference; fileEncoding = 4; lastKnownFileType = sourcecode.swift; path = MyProfileViewController.swift; sourceTree = "<group>"; };
		FA0C67D21D26C559007ADE75 /* ProfileCardCollectionViewCell.swift */ = {isa = PBXFileReference; fileEncoding = 4; lastKnownFileType = sourcecode.swift; path = ProfileCardCollectionViewCell.swift; sourceTree = "<group>"; };
		FA0C67D41D26F178007ADE75 /* Default-568h@2x.png */ = {isa = PBXFileReference; lastKnownFileType = image.png; path = "Default-568h@2x.png"; sourceTree = "<group>"; };
		FA0C67D61D26F9B4007ADE75 /* DemoViewController.swift */ = {isa = PBXFileReference; fileEncoding = 4; lastKnownFileType = sourcecode.swift; path = DemoViewController.swift; sourceTree = "<group>"; };
		FAB76FB21D2309220012A786 /* CaptionPhoto.storyboard */ = {isa = PBXFileReference; fileEncoding = 4; lastKnownFileType = file.storyboard; path = CaptionPhoto.storyboard; sourceTree = "<group>"; };
		FAB76FB41D2309340012A786 /* CaptionPhotoViewController.swift */ = {isa = PBXFileReference; fileEncoding = 4; lastKnownFileType = sourcecode.swift; path = CaptionPhotoViewController.swift; sourceTree = "<group>"; };
		FAB76FB61D230F950012A786 /* penguin.jpg */ = {isa = PBXFileReference; lastKnownFileType = image.jpeg; path = penguin.jpg; sourceTree = "<group>"; };
		FAB76FB91D234A740012A786 /* Timer.storyboard */ = {isa = PBXFileReference; fileEncoding = 4; lastKnownFileType = file.storyboard; path = Timer.storyboard; sourceTree = "<group>"; };
		FAB76FBB1D234A8F0012A786 /* TimerViewController.swift */ = {isa = PBXFileReference; fileEncoding = 4; lastKnownFileType = sourcecode.swift; path = TimerViewController.swift; sourceTree = "<group>"; };
		FAB76FBE1D234E680012A786 /* SwipeStacks.storyboard */ = {isa = PBXFileReference; fileEncoding = 4; lastKnownFileType = file.storyboard; path = SwipeStacks.storyboard; sourceTree = "<group>"; };
		FAB76FC01D234E740012A786 /* SwipeStacksViewController.swift */ = {isa = PBXFileReference; fileEncoding = 4; lastKnownFileType = sourcecode.swift; path = SwipeStacksViewController.swift; sourceTree = "<group>"; };
		FAB76FC21D2352A60012A786 /* StackCell.swift */ = {isa = PBXFileReference; fileEncoding = 4; lastKnownFileType = sourcecode.swift; path = StackCell.swift; sourceTree = "<group>"; };
		FAB76FC41D23DF660012A786 /* everythingbutthesink.png */ = {isa = PBXFileReference; lastKnownFileType = image.png; path = everythingbutthesink.png; sourceTree = "<group>"; };
		FAB76FC51D23DF660012A786 /* bullinachinacloset.png */ = {isa = PBXFileReference; lastKnownFileType = image.png; path = bullinachinacloset.png; sourceTree = "<group>"; };
		FAB76FC61D23DF660012A786 /* etphonehome.png */ = {isa = PBXFileReference; lastKnownFileType = image.png; path = etphonehome.png; sourceTree = "<group>"; };
		FAB76FC71D23DF660012A786 /* jackandjill.png */ = {isa = PBXFileReference; lastKnownFileType = image.png; path = jackandjill.png; sourceTree = "<group>"; };
		FAB76FC81D23DF660012A786 /* cowjumpedoverthemoon.png */ = {isa = PBXFileReference; lastKnownFileType = image.png; path = cowjumpedoverthemoon.png; sourceTree = "<group>"; };
		FAB76FCE1D23DFA30012A786 /* image1.jpeg */ = {isa = PBXFileReference; lastKnownFileType = image.jpeg; path = image1.jpeg; sourceTree = "<group>"; };
		FAB76FCF1D23DFA30012A786 /* image2.jpg */ = {isa = PBXFileReference; lastKnownFileType = image.jpeg; path = image2.jpg; sourceTree = "<group>"; };
		FAB76FD01D23DFA30012A786 /* image3.jpg */ = {isa = PBXFileReference; lastKnownFileType = image.jpeg; path = image3.jpg; sourceTree = "<group>"; };
		FAB76FD11D23DFA30012A786 /* image4.gif */ = {isa = PBXFileReference; lastKnownFileType = image.gif; path = image4.gif; sourceTree = "<group>"; };
		FAB76FD21D23DFA30012A786 /* image5.jpg */ = {isa = PBXFileReference; lastKnownFileType = image.jpeg; path = image5.jpg; sourceTree = "<group>"; };
		FAB76FD31D23DFA30012A786 /* image6.jpg */ = {isa = PBXFileReference; lastKnownFileType = image.jpeg; path = image6.jpg; sourceTree = "<group>"; };
		FAB76FD41D23DFA30012A786 /* image7.png */ = {isa = PBXFileReference; lastKnownFileType = image.png; path = image7.png; sourceTree = "<group>"; };
		FAB76FDC1D23E0980012A786 /* CustomTableViewCell.swift */ = {isa = PBXFileReference; fileEncoding = 4; lastKnownFileType = sourcecode.swift; path = CustomTableViewCell.swift; sourceTree = "<group>"; };
		FAB76FDF1D24222D0012A786 /* RandomCaption.storyboard */ = {isa = PBXFileReference; fileEncoding = 4; lastKnownFileType = file.storyboard; path = RandomCaption.storyboard; sourceTree = "<group>"; };
		FAB76FE11D24223B0012A786 /* RandomCaptionViewController.swift */ = {isa = PBXFileReference; fileEncoding = 4; lastKnownFileType = sourcecode.swift; path = RandomCaptionViewController.swift; sourceTree = "<group>"; };
		FAB76FE31D2432280012A786 /* ViewImageViewController.swift */ = {isa = PBXFileReference; fileEncoding = 4; lastKnownFileType = sourcecode.swift; path = ViewImageViewController.swift; sourceTree = "<group>"; };
		FAB76FE61D244CCB0012A786 /* Home.storyboard */ = {isa = PBXFileReference; fileEncoding = 4; lastKnownFileType = file.storyboard; path = Home.storyboard; sourceTree = "<group>"; };
		FAB76FE81D244CD50012A786 /* HomeViewController.swift */ = {isa = PBXFileReference; fileEncoding = 4; lastKnownFileType = sourcecode.swift; path = HomeViewController.swift; sourceTree = "<group>"; };
		FAB76FEA1D2450320012A786 /* GoogleService-Info.plist */ = {isa = PBXFileReference; fileEncoding = 4; lastKnownFileType = text.plist.xml; path = "GoogleService-Info.plist"; sourceTree = "<group>"; };
		FACB72251D2C1A0C0029AE1B /* Login.storyboard */ = {isa = PBXFileReference; fileEncoding = 4; lastKnownFileType = file.storyboard; path = Login.storyboard; sourceTree = "<group>"; };
		FACB72271D2C1A1E0029AE1B /* LoginViewController.swift */ = {isa = PBXFileReference; fileEncoding = 4; lastKnownFileType = sourcecode.swift; path = LoginViewController.swift; sourceTree = "<group>"; };
		FACB722B1D2C2A540029AE1B /* SeeMyProfileViewController.swift */ = {isa = PBXFileReference; fileEncoding = 4; lastKnownFileType = sourcecode.swift; path = SeeMyProfileViewController.swift; sourceTree = "<group>"; };
/* End PBXFileReference section */

/* Begin PBXFrameworksBuildPhase section */
		DBCFB4161D22DF5500200F10 /* Frameworks */ = {
			isa = PBXFrameworksBuildPhase;
			buildActionMask = 2147483647;
			files = (
				FA0C67BD1D249B4C007ADE75 /* FBSDKShareKit.framework in Frameworks */,
				C720741A500D520BCBFC3DE6 /* Pods_Fictionary.framework in Frameworks */,
				FA0C67BB1D249B4C007ADE75 /* FBSDKCoreKit.framework in Frameworks */,
				FA0C67BC1D249B4C007ADE75 /* FBSDKLoginKit.framework in Frameworks */,
				F9B48FF01D22E7F10031C5FC /* MultipeerConnectivity.framework in Frameworks */,
			);
			runOnlyForDeploymentPostprocessing = 0;
		};
/* End PBXFrameworksBuildPhase section */

/* Begin PBXGroup section */
		5312449890C5E1B6CBC5E1DB /* Frameworks */ = {
			isa = PBXGroup;
			children = (
				FA0C67B81D249B4C007ADE75 /* FBSDKCoreKit.framework */,
				FA0C67B91D249B4C007ADE75 /* FBSDKLoginKit.framework */,
				FA0C67BA1D249B4C007ADE75 /* FBSDKShareKit.framework */,
				257B97310A284A02CA560688 /* Pods_Fictionary.framework */,
			);
			name = Frameworks;
			sourceTree = "<group>";
		};
		5A662609D5D658A4549107B8 /* Pods */ = {
			isa = PBXGroup;
			children = (
				EAD9C72FCD96518D196323B0 /* Pods-Fictionary.debug.xcconfig */,
				ADFED090B4BC4624C0BA6982 /* Pods-Fictionary.release.xcconfig */,
			);
			name = Pods;
			sourceTree = "<group>";
		};
		DB03E9141D2F21110098B7A8 /* DesignTemplates */ = {
			isa = PBXGroup;
			children = (
				DB03E9101D2F20FC0098B7A8 /* DesignTestViewController.swift */,
				DB03E9211D300AD40098B7A8 /* DesignTestView.swift */,
				DB03E9231D301DAB0098B7A8 /* DesignCreateAccountViewController.swift */,
				DB03E9251D3029540098B7A8 /* UIColor+.swift */,
				DB03E9121D2F210D0098B7A8 /* DesignTestStoryboard.storyboard */,
				DB03E91F1D2FEAE90098B7A8 /* SF-UI-Text-Bold.otf */,
				DB03E91D1D2FEAC90098B7A8 /* SF-Compact-Text-Regular.otf */,
				DB03E91B1D2FEAA70098B7A8 /* SF-UI-Text-RegularItalic.otf */,
				DB03E9191D2FEA760098B7A8 /* SF-UI-Text-Semibold.otf */,
				DB03E9171D2FEA540098B7A8 /* SF-Compact-Text-Bold.otf */,
				DB03E9151D2FE9720098B7A8 /* SF-UI-Text-Heavy.otf */,
			);
			name = DesignTemplates;
			sourceTree = "<group>";
		};
		DBCFB4101D22DF5500200F10 = {
			isa = PBXGroup;
			children = (
				FA0C67D41D26F178007ADE75 /* Default-568h@2x.png */,
				DBCFB41E1D22DF5500200F10 /* ViewController.swift */,
				F9A17AE31D2EE31F002FD1D2 /* DemoExit.storyboard */,
				F9A17AE51D2F01E1002FD1D2 /* DemoExitViewController.swift */,
				F96CBBBD1D33036C006184C8 /* CircleTimer.swift */,
				F95FCD901D3417C700FD7C83 /* RevisedCircleTimerView.swift */,
				F9B48FF11D22E84A0031C5FC /* Networking */,
				DBCFB41B1D22DF5500200F10 /* Fictionary */,
				DBCFB41A1D22DF5500200F10 /* Products */,
				5A662609D5D658A4549107B8 /* Pods */,
				5312449890C5E1B6CBC5E1DB /* Frameworks */,
				F9B48FEF1D22E7F10031C5FC /* MultipeerConnectivity.framework */,
			);
			sourceTree = "<group>";
		};
		DBCFB41A1D22DF5500200F10 /* Products */ = {
			isa = PBXGroup;
			children = (
				DBCFB4191D22DF5500200F10 /* Fictionary.app */,
			);
			name = Products;
			sourceTree = "<group>";
		};
		DBCFB41B1D22DF5500200F10 /* Fictionary */ = {
			isa = PBXGroup;
			children = (
				DBCFB41C1D22DF5500200F10 /* AppDelegate.swift */,
				FA0C67C11D25754D007ADE75 /* Player.swift */,
				FA0C67BE1D249CA1007ADE75 /* Bridging-Header.h */,
				FAB76FEA1D2450320012A786 /* GoogleService-Info.plist */,
				FA0C67CD1D26ACB2007ADE75 /* MyProfile */,
				FA0C67CA1D267852007ADE75 /* Demo */,
				FA0C67C31D259A3C007ADE75 /* GameStructure */,
				FACB72241D2C19E50029AE1B /* Login */,
				FAB76FE51D244CBD0012A786 /* Home */,
				FAB76FBD1D234E340012A786 /* SwipeStacks */,
				FAB76FB81D234A5A0012A786 /* Timer */,
				FAB76FB11D2306F20012A786 /* CaptionPhoto */,
				DBCFB4891D25713300200F10 /* Drawing */,
				DBCFB4201D22DF5500200F10 /* Main.storyboard */,
				FAB76FDE1D24220B0012A786 /* Random Caption */,
				F9B48FEA1D22E4A60031C5FC /* JoinandStartGame */,
				DBCFB4231D22DF5500200F10 /* Assets.xcassets */,
				DBCFB4251D22DF5500200F10 /* LaunchScreen.storyboard */,
				DBCFB4281D22DF5500200F10 /* Info.plist */,
				DB03E9141D2F21110098B7A8 /* DesignTemplates */,
			);
			path = Fictionary;
			sourceTree = "<group>";
		};
		DBCFB4891D25713300200F10 /* Drawing */ = {
			isa = PBXGroup;
			children = (
				DBCFB48E1D2572A300200F10 /* DrawCommands */,
				DBCFB4871D25712400200F10 /* DrawViewController.swift */,
				DBCFB48C1D25729500200F10 /* DrawView.swift */,
				DBCFB48F1D25763500200F10 /* FreehandDrawController.swift */,
				DBCFB4911D25764A00200F10 /* Segment.swift */,
				DBCFB4931D25766600200F10 /* WidthModulation.swift */,
				DBCFB48A1D25714A00200F10 /* Drawing.storyboard */,
			);
			name = Drawing;
			sourceTree = "<group>";
		};
		DBCFB48E1D2572A300200F10 /* DrawCommands */ = {
			isa = PBXGroup;
			children = (
				DBCFB4951D25769D00200F10 /* DrawCommands.swift */,
				DBCFB4971D2576B000200F10 /* LineDrawCommand.swift */,
				DBCFB4991D2576CB00200F10 /* CircleDrawCommand.swift */,
				DBCFB49B1D2576DB00200F10 /* ComposedCommand.swift */,
			);
			name = DrawCommands;
			sourceTree = "<group>";
		};
		F9B48FEA1D22E4A60031C5FC /* JoinandStartGame */ = {
			isa = PBXGroup;
			children = (
				F9E0F9411D2BFD0400229202 /* JoinGameStartGame.storyboard */,
				F9B48FEB1D22E68A0031C5FC /* JoinGameViewController.swift */,
				F96CBBBB1D32CAB9006184C8 /* JoinGameRuleView.swift */,
				F9B48FED1D22E6BE0031C5FC /* StartGameViewController.swift */,
			);
			name = JoinandStartGame;
			path = ..;
			sourceTree = "<group>";
		};
		F9B48FF11D22E84A0031C5FC /* Networking */ = {
			isa = PBXGroup;
			children = (
				F9B48FF21D22E8620031C5FC /* MPCHandler.swift */,
				F9E341621D2622CF00BD0017 /* MessageHandler.swift */,
				F9E341601D25E9AA00BD0017 /* Server.swift */,
				F9B48FF61D2344880031C5FC /* ArchiverHelper.swift */,
			);
			name = Networking;
			sourceTree = "<group>";
		};
		FA0C67C31D259A3C007ADE75 /* GameStructure */ = {
			isa = PBXGroup;
			children = (
				FA0C67C81D259D00007ADE75 /* GameViewController.swift */,
				FA0C67C61D259B20007ADE75 /* Game.storyboard */,
			);
			name = GameStructure;
			sourceTree = "<group>";
		};
		FA0C67CA1D267852007ADE75 /* Demo */ = {
			isa = PBXGroup;
			children = (
				FA0C67CB1D267860007ADE75 /* Demo.storyboard */,
				FA0C67D61D26F9B4007ADE75 /* DemoViewController.swift */,
			);
			name = Demo;
			sourceTree = "<group>";
		};
		FA0C67CD1D26ACB2007ADE75 /* MyProfile */ = {
			isa = PBXGroup;
			children = (
				FA0C67CE1D26ACC2007ADE75 /* MyProfile.storyboard */,
				FA0C67D21D26C559007ADE75 /* ProfileCardCollectionViewCell.swift */,
				FA0C67D01D26ACCF007ADE75 /* MyProfileViewController.swift */,
			);
			name = MyProfile;
			sourceTree = "<group>";
		};
		FAB76FB11D2306F20012A786 /* CaptionPhoto */ = {
			isa = PBXGroup;
			children = (
				FAB76FB21D2309220012A786 /* CaptionPhoto.storyboard */,
				FAB76FB41D2309340012A786 /* CaptionPhotoViewController.swift */,
				FAB76FB61D230F950012A786 /* penguin.jpg */,
			);
			name = CaptionPhoto;
			sourceTree = "<group>";
		};
		FAB76FB81D234A5A0012A786 /* Timer */ = {
			isa = PBXGroup;
			children = (
				FAB76FB91D234A740012A786 /* Timer.storyboard */,
				FAB76FBB1D234A8F0012A786 /* TimerViewController.swift */,
			);
			name = Timer;
			sourceTree = "<group>";
		};
		FAB76FBD1D234E340012A786 /* SwipeStacks */ = {
			isa = PBXGroup;
			children = (
				FAB76FBE1D234E680012A786 /* SwipeStacks.storyboard */,
				FAB76FE31D2432280012A786 /* ViewImageViewController.swift */,
				FAB76FC01D234E740012A786 /* SwipeStacksViewController.swift */,
				FAB76FC21D2352A60012A786 /* StackCell.swift */,
				FAB76FDC1D23E0980012A786 /* CustomTableViewCell.swift */,
				FAB76FC41D23DF660012A786 /* everythingbutthesink.png */,
				FAB76FC51D23DF660012A786 /* bullinachinacloset.png */,
				FAB76FC61D23DF660012A786 /* etphonehome.png */,
				FAB76FC71D23DF660012A786 /* jackandjill.png */,
				FAB76FC81D23DF660012A786 /* cowjumpedoverthemoon.png */,
				FAB76FCE1D23DFA30012A786 /* image1.jpeg */,
				FAB76FCF1D23DFA30012A786 /* image2.jpg */,
				FAB76FD01D23DFA30012A786 /* image3.jpg */,
				FAB76FD11D23DFA30012A786 /* image4.gif */,
				FAB76FD21D23DFA30012A786 /* image5.jpg */,
				FAB76FD31D23DFA30012A786 /* image6.jpg */,
				FAB76FD41D23DFA30012A786 /* image7.png */,
			);
			name = SwipeStacks;
			sourceTree = "<group>";
		};
		FAB76FDE1D24220B0012A786 /* Random Caption */ = {
			isa = PBXGroup;
			children = (
				FAB76FDF1D24222D0012A786 /* RandomCaption.storyboard */,
				FAB76FE11D24223B0012A786 /* RandomCaptionViewController.swift */,
			);
			name = "Random Caption";
			sourceTree = "<group>";
		};
		FAB76FE51D244CBD0012A786 /* Home */ = {
			isa = PBXGroup;
			children = (
				FAB76FE61D244CCB0012A786 /* Home.storyboard */,
				FA0C67BF1D24AA1B007ADE75 /* EnterGameViewController.swift */,
				FAB76FE81D244CD50012A786 /* HomeViewController.swift */,
			);
			name = Home;
			sourceTree = "<group>";
		};
		FACB72241D2C19E50029AE1B /* Login */ = {
			isa = PBXGroup;
			children = (
				FACB72251D2C1A0C0029AE1B /* Login.storyboard */,
				FACB722B1D2C2A540029AE1B /* SeeMyProfileViewController.swift */,
				FACB72271D2C1A1E0029AE1B /* LoginViewController.swift */,
			);
			name = Login;
			sourceTree = "<group>";
		};
/* End PBXGroup section */

/* Begin PBXNativeTarget section */
		DBCFB4181D22DF5500200F10 /* Fictionary */ = {
			isa = PBXNativeTarget;
			buildConfigurationList = DBCFB42B1D22DF5500200F10 /* Build configuration list for PBXNativeTarget "Fictionary" */;
			buildPhases = (
				197AFAC3364931BC563DE633 /* [CP] Check Pods Manifest.lock */,
				DBCFB4151D22DF5500200F10 /* Sources */,
				DBCFB4161D22DF5500200F10 /* Frameworks */,
				DBCFB4171D22DF5500200F10 /* Resources */,
				896416BFB3771C91E89E0B1D /* [CP] Embed Pods Frameworks */,
				32C9E5A6FD0B9761B52F2A52 /* [CP] Copy Pods Resources */,
			);
			buildRules = (
			);
			dependencies = (
			);
			name = Fictionary;
			productName = Fictionary;
			productReference = DBCFB4191D22DF5500200F10 /* Fictionary.app */;
			productType = "com.apple.product-type.application";
		};
/* End PBXNativeTarget section */

/* Begin PBXProject section */
		DBCFB4111D22DF5500200F10 /* Project object */ = {
			isa = PBXProject;
			attributes = {
				LastSwiftUpdateCheck = 0730;
				LastUpgradeCheck = 0730;
				ORGANIZATIONNAME = "Lance Russ";
				TargetAttributes = {
					DBCFB4181D22DF5500200F10 = {
						CreatedOnToolsVersion = 7.3.1;
						DevelopmentTeam = U7TP39P5Y5;
					};
				};
			};
			buildConfigurationList = DBCFB4141D22DF5500200F10 /* Build configuration list for PBXProject "Fictionary" */;
			compatibilityVersion = "Xcode 3.2";
			developmentRegion = English;
			hasScannedForEncodings = 0;
			knownRegions = (
				en,
				Base,
			);
			mainGroup = DBCFB4101D22DF5500200F10;
			productRefGroup = DBCFB41A1D22DF5500200F10 /* Products */;
			projectDirPath = "";
			projectRoot = "";
			targets = (
				DBCFB4181D22DF5500200F10 /* Fictionary */,
			);
		};
/* End PBXProject section */

/* Begin PBXResourcesBuildPhase section */
		DBCFB4171D22DF5500200F10 /* Resources */ = {
			isa = PBXResourcesBuildPhase;
			buildActionMask = 2147483647;
			files = (
				DB03E91E1D2FEAC90098B7A8 /* SF-Compact-Text-Regular.otf in Resources */,
				DB03E91A1D2FEA760098B7A8 /* SF-UI-Text-Semibold.otf in Resources */,
				FAB76FE71D244CCB0012A786 /* Home.storyboard in Resources */,
				FAB76FCC1D23DF660012A786 /* jackandjill.png in Resources */,
				FAB76FCA1D23DF660012A786 /* bullinachinacloset.png in Resources */,
				DB03E9161D2FE9720098B7A8 /* SF-UI-Text-Heavy.otf in Resources */,
				FA0C67CF1D26ACC2007ADE75 /* MyProfile.storyboard in Resources */,
				FAB76FD51D23DFA30012A786 /* image1.jpeg in Resources */,
				FA0C67D51D26F178007ADE75 /* Default-568h@2x.png in Resources */,
				DBCFB4271D22DF5500200F10 /* LaunchScreen.storyboard in Resources */,
				FAB76FCB1D23DF660012A786 /* etphonehome.png in Resources */,
				FAB76FD81D23DFA30012A786 /* image4.gif in Resources */,
				FAB76FDA1D23DFA30012A786 /* image6.jpg in Resources */,
				FA0C67C71D259B20007ADE75 /* Game.storyboard in Resources */,
				FAB76FC91D23DF660012A786 /* everythingbutthesink.png in Resources */,
				DB03E9201D2FEAE90098B7A8 /* SF-UI-Text-Bold.otf in Resources */,
				F9E0F9421D2BFD0400229202 /* JoinGameStartGame.storyboard in Resources */,
				FAB76FD71D23DFA30012A786 /* image3.jpg in Resources */,
				FA0C67CC1D267860007ADE75 /* Demo.storyboard in Resources */,
				FAB76FD61D23DFA30012A786 /* image2.jpg in Resources */,
				DBCFB4241D22DF5500200F10 /* Assets.xcassets in Resources */,
				FAB76FB31D2309220012A786 /* CaptionPhoto.storyboard in Resources */,
				DB03E9131D2F210D0098B7A8 /* DesignTestStoryboard.storyboard in Resources */,
				FAB76FCD1D23DF660012A786 /* cowjumpedoverthemoon.png in Resources */,
				FAB76FB71D230F950012A786 /* penguin.jpg in Resources */,
				DBCFB48B1D25714A00200F10 /* Drawing.storyboard in Resources */,
				FAB76FBF1D234E680012A786 /* SwipeStacks.storyboard in Resources */,
				DB03E9181D2FEA540098B7A8 /* SF-Compact-Text-Bold.otf in Resources */,
				FAB76FDB1D23DFA30012A786 /* image7.png in Resources */,
				DB03E91C1D2FEAA70098B7A8 /* SF-UI-Text-RegularItalic.otf in Resources */,
				FAB76FBA1D234A740012A786 /* Timer.storyboard in Resources */,
				FACB72261D2C1A0C0029AE1B /* Login.storyboard in Resources */,
				FAB76FD91D23DFA30012A786 /* image5.jpg in Resources */,
				F9A17AE41D2EE31F002FD1D2 /* DemoExit.storyboard in Resources */,
				FAB76FEB1D2450320012A786 /* GoogleService-Info.plist in Resources */,
				FAB76FE01D24222D0012A786 /* RandomCaption.storyboard in Resources */,
				DBCFB4221D22DF5500200F10 /* Main.storyboard in Resources */,
			);
			runOnlyForDeploymentPostprocessing = 0;
		};
/* End PBXResourcesBuildPhase section */

/* Begin PBXShellScriptBuildPhase section */
		197AFAC3364931BC563DE633 /* [CP] Check Pods Manifest.lock */ = {
			isa = PBXShellScriptBuildPhase;
			buildActionMask = 2147483647;
			files = (
			);
			inputPaths = (
			);
			name = "[CP] Check Pods Manifest.lock";
			outputPaths = (
			);
			runOnlyForDeploymentPostprocessing = 0;
			shellPath = /bin/sh;
			shellScript = "diff \"${PODS_ROOT}/../Podfile.lock\" \"${PODS_ROOT}/Manifest.lock\" > /dev/null\nif [[ $? != 0 ]] ; then\n    cat << EOM\nerror: The sandbox is not in sync with the Podfile.lock. Run 'pod install' or update your CocoaPods installation.\nEOM\n    exit 1\nfi\n";
			showEnvVarsInLog = 0;
		};
		32C9E5A6FD0B9761B52F2A52 /* [CP] Copy Pods Resources */ = {
			isa = PBXShellScriptBuildPhase;
			buildActionMask = 2147483647;
			files = (
			);
			inputPaths = (
			);
			name = "[CP] Copy Pods Resources";
			outputPaths = (
			);
			runOnlyForDeploymentPostprocessing = 0;
			shellPath = /bin/sh;
			shellScript = "\"${SRCROOT}/Pods/Target Support Files/Pods-Fictionary/Pods-Fictionary-resources.sh\"\n";
			showEnvVarsInLog = 0;
		};
		896416BFB3771C91E89E0B1D /* [CP] Embed Pods Frameworks */ = {
			isa = PBXShellScriptBuildPhase;
			buildActionMask = 2147483647;
			files = (
			);
			inputPaths = (
			);
			name = "[CP] Embed Pods Frameworks";
			outputPaths = (
			);
			runOnlyForDeploymentPostprocessing = 0;
			shellPath = /bin/sh;
			shellScript = "\"${SRCROOT}/Pods/Target Support Files/Pods-Fictionary/Pods-Fictionary-frameworks.sh\"\n";
			showEnvVarsInLog = 0;
		};
/* End PBXShellScriptBuildPhase section */

/* Begin PBXSourcesBuildPhase section */
		DBCFB4151D22DF5500200F10 /* Sources */ = {
			isa = PBXSourcesBuildPhase;
			buildActionMask = 2147483647;
			files = (
				FA0C67C91D259D00007ADE75 /* GameViewController.swift in Sources */,
				DBCFB4881D25712400200F10 /* DrawViewController.swift in Sources */,
				DBCFB49C1D2576DB00200F10 /* ComposedCommand.swift in Sources */,
				DBCFB4921D25764A00200F10 /* Segment.swift in Sources */,
				DBCFB49A1D2576CB00200F10 /* CircleDrawCommand.swift in Sources */,
				FAB76FC31D2352A60012A786 /* StackCell.swift in Sources */,
				FA0C67D11D26ACCF007ADE75 /* MyProfileViewController.swift in Sources */,
				FAB76FBC1D234A8F0012A786 /* TimerViewController.swift in Sources */,
				DBCFB41F1D22DF5500200F10 /* ViewController.swift in Sources */,
				FAB76FE41D2432280012A786 /* ViewImageViewController.swift in Sources */,
				FA0C67C21D25754D007ADE75 /* Player.swift in Sources */,
				FAB76FDD1D23E0980012A786 /* CustomTableViewCell.swift in Sources */,
				FACB72281D2C1A1E0029AE1B /* LoginViewController.swift in Sources */,
				FAB76FE91D244CD50012A786 /* HomeViewController.swift in Sources */,
				FA0C67C01D24AA1B007ADE75 /* EnterGameViewController.swift in Sources */,
				DBCFB4981D2576B000200F10 /* LineDrawCommand.swift in Sources */,
				DBCFB4961D25769D00200F10 /* DrawCommands.swift in Sources */,
				DB03E9241D301DAB0098B7A8 /* DesignCreateAccountViewController.swift in Sources */,
				DBCFB48D1D25729500200F10 /* DrawView.swift in Sources */,
				FAB76FB51D2309340012A786 /* CaptionPhotoViewController.swift in Sources */,
				DB03E9111D2F20FD0098B7A8 /* DesignTestViewController.swift in Sources */,
				FA0C67D31D26C559007ADE75 /* ProfileCardCollectionViewCell.swift in Sources */,
				DBCFB41D1D22DF5500200F10 /* AppDelegate.swift in Sources */,
				F96CBBBE1D33036C006184C8 /* CircleTimer.swift in Sources */,
				DBCFB4941D25766600200F10 /* WidthModulation.swift in Sources */,
				F9A17AE61D2F01E1002FD1D2 /* DemoExitViewController.swift in Sources */,
				F96CBBBC1D32CAB9006184C8 /* JoinGameRuleView.swift in Sources */,
				FAB76FE21D24223B0012A786 /* RandomCaptionViewController.swift in Sources */,
				F95FCD911D3417C700FD7C83 /* RevisedCircleTimerView.swift in Sources */,
				DBCFB4901D25763500200F10 /* FreehandDrawController.swift in Sources */,
				FAB76FC11D234E740012A786 /* SwipeStacksViewController.swift in Sources */,
				F9B48FEC1D22E68A0031C5FC /* JoinGameViewController.swift in Sources */,
				F9E341631D2622CF00BD0017 /* MessageHandler.swift in Sources */,
				DB03E9221D300AD40098B7A8 /* DesignTestView.swift in Sources */,
				F9B48FF71D2344880031C5FC /* ArchiverHelper.swift in Sources */,
				FACB722C1D2C2A540029AE1B /* SeeMyProfileViewController.swift in Sources */,
				F9B48FF31D22E8620031C5FC /* MPCHandler.swift in Sources */,
				F9E341611D25E9AA00BD0017 /* Server.swift in Sources */,
				FA0C67D71D26F9B4007ADE75 /* DemoViewController.swift in Sources */,
				F9B48FEE1D22E6BE0031C5FC /* StartGameViewController.swift in Sources */,
				DB03E9261D3029540098B7A8 /* UIColor+.swift in Sources */,
			);
			runOnlyForDeploymentPostprocessing = 0;
		};
/* End PBXSourcesBuildPhase section */

/* Begin PBXVariantGroup section */
		DBCFB4201D22DF5500200F10 /* Main.storyboard */ = {
			isa = PBXVariantGroup;
			children = (
				DBCFB4211D22DF5500200F10 /* Base */,
			);
			name = Main.storyboard;
			sourceTree = "<group>";
		};
		DBCFB4251D22DF5500200F10 /* LaunchScreen.storyboard */ = {
			isa = PBXVariantGroup;
			children = (
				DBCFB4261D22DF5500200F10 /* Base */,
			);
			name = LaunchScreen.storyboard;
			sourceTree = "<group>";
		};
/* End PBXVariantGroup section */

/* Begin XCBuildConfiguration section */
		DBCFB4291D22DF5500200F10 /* Debug */ = {
			isa = XCBuildConfiguration;
			buildSettings = {
				ALWAYS_SEARCH_USER_PATHS = NO;
				CLANG_ANALYZER_NONNULL = YES;
				CLANG_CXX_LANGUAGE_STANDARD = "gnu++0x";
				CLANG_CXX_LIBRARY = "libc++";
				CLANG_ENABLE_MODULES = YES;
				CLANG_ENABLE_OBJC_ARC = YES;
				CLANG_WARN_BOOL_CONVERSION = YES;
				CLANG_WARN_CONSTANT_CONVERSION = YES;
				CLANG_WARN_DIRECT_OBJC_ISA_USAGE = YES_ERROR;
				CLANG_WARN_EMPTY_BODY = YES;
				CLANG_WARN_ENUM_CONVERSION = YES;
				CLANG_WARN_INT_CONVERSION = YES;
				CLANG_WARN_OBJC_ROOT_CLASS = YES_ERROR;
				CLANG_WARN_UNREACHABLE_CODE = YES;
				CLANG_WARN__DUPLICATE_METHOD_MATCH = YES;
				"CODE_SIGN_IDENTITY[sdk=iphoneos*]" = "iPhone Developer";
				COPY_PHASE_STRIP = NO;
				DEBUG_INFORMATION_FORMAT = dwarf;
				ENABLE_STRICT_OBJC_MSGSEND = YES;
				ENABLE_TESTABILITY = YES;
				GCC_C_LANGUAGE_STANDARD = gnu99;
				GCC_DYNAMIC_NO_PIC = NO;
				GCC_NO_COMMON_BLOCKS = YES;
				GCC_OPTIMIZATION_LEVEL = 0;
				GCC_PREPROCESSOR_DEFINITIONS = (
					"DEBUG=1",
					"$(inherited)",
				);
				GCC_WARN_64_TO_32_BIT_CONVERSION = YES;
				GCC_WARN_ABOUT_RETURN_TYPE = YES_ERROR;
				GCC_WARN_UNDECLARED_SELECTOR = YES;
				GCC_WARN_UNINITIALIZED_AUTOS = YES_AGGRESSIVE;
				GCC_WARN_UNUSED_FUNCTION = YES;
				GCC_WARN_UNUSED_VARIABLE = YES;
				IPHONEOS_DEPLOYMENT_TARGET = 9.3;
				MTL_ENABLE_DEBUG_INFO = YES;
				ONLY_ACTIVE_ARCH = YES;
				SDKROOT = iphoneos;
				SWIFT_OPTIMIZATION_LEVEL = "-Onone";
			};
			name = Debug;
		};
		DBCFB42A1D22DF5500200F10 /* Release */ = {
			isa = XCBuildConfiguration;
			buildSettings = {
				ALWAYS_SEARCH_USER_PATHS = NO;
				CLANG_ANALYZER_NONNULL = YES;
				CLANG_CXX_LANGUAGE_STANDARD = "gnu++0x";
				CLANG_CXX_LIBRARY = "libc++";
				CLANG_ENABLE_MODULES = YES;
				CLANG_ENABLE_OBJC_ARC = YES;
				CLANG_WARN_BOOL_CONVERSION = YES;
				CLANG_WARN_CONSTANT_CONVERSION = YES;
				CLANG_WARN_DIRECT_OBJC_ISA_USAGE = YES_ERROR;
				CLANG_WARN_EMPTY_BODY = YES;
				CLANG_WARN_ENUM_CONVERSION = YES;
				CLANG_WARN_INT_CONVERSION = YES;
				CLANG_WARN_OBJC_ROOT_CLASS = YES_ERROR;
				CLANG_WARN_UNREACHABLE_CODE = YES;
				CLANG_WARN__DUPLICATE_METHOD_MATCH = YES;
				"CODE_SIGN_IDENTITY[sdk=iphoneos*]" = "iPhone Developer";
				COPY_PHASE_STRIP = NO;
				DEBUG_INFORMATION_FORMAT = "dwarf-with-dsym";
				ENABLE_NS_ASSERTIONS = NO;
				ENABLE_STRICT_OBJC_MSGSEND = YES;
				GCC_C_LANGUAGE_STANDARD = gnu99;
				GCC_NO_COMMON_BLOCKS = YES;
				GCC_WARN_64_TO_32_BIT_CONVERSION = YES;
				GCC_WARN_ABOUT_RETURN_TYPE = YES_ERROR;
				GCC_WARN_UNDECLARED_SELECTOR = YES;
				GCC_WARN_UNINITIALIZED_AUTOS = YES_AGGRESSIVE;
				GCC_WARN_UNUSED_FUNCTION = YES;
				GCC_WARN_UNUSED_VARIABLE = YES;
				IPHONEOS_DEPLOYMENT_TARGET = 9.3;
				MTL_ENABLE_DEBUG_INFO = NO;
				SDKROOT = iphoneos;
				VALIDATE_PRODUCT = YES;
			};
			name = Release;
		};
		DBCFB42C1D22DF5500200F10 /* Debug */ = {
			isa = XCBuildConfiguration;
			baseConfigurationReference = EAD9C72FCD96518D196323B0 /* Pods-Fictionary.debug.xcconfig */;
			buildSettings = {
				ASSETCATALOG_COMPILER_APPICON_NAME = AppIcon;
				CODE_SIGN_IDENTITY = "iPhone Developer";
				"CODE_SIGN_IDENTITY[sdk=iphoneos*]" = "iPhone Developer";
				FRAMEWORK_SEARCH_PATHS = (
					"$(inherited)",
					"$(PROJECT_DIR)",
				);
				INFOPLIST_FILE = Fictionary/Info.plist;
				LD_RUNPATH_SEARCH_PATHS = "$(inherited) @executable_path/Frameworks";
				PRODUCT_BUNDLE_IDENTIFIER = com.codefriends.Fictionary;
				PRODUCT_NAME = "$(TARGET_NAME)";
				PROVISIONING_PROFILE = "";
				SWIFT_OBJC_BRIDGING_HEADER = "Fictionary/Bridging-Header.h";
			};
			name = Debug;
		};
		DBCFB42D1D22DF5500200F10 /* Release */ = {
			isa = XCBuildConfiguration;
			baseConfigurationReference = ADFED090B4BC4624C0BA6982 /* Pods-Fictionary.release.xcconfig */;
			buildSettings = {
				ASSETCATALOG_COMPILER_APPICON_NAME = AppIcon;
				CODE_SIGN_IDENTITY = "iPhone Developer";
				"CODE_SIGN_IDENTITY[sdk=iphoneos*]" = "iPhone Developer";
				FRAMEWORK_SEARCH_PATHS = (
					"$(inherited)",
					"$(PROJECT_DIR)",
				);
				INFOPLIST_FILE = Fictionary/Info.plist;
				LD_RUNPATH_SEARCH_PATHS = "$(inherited) @executable_path/Frameworks";
				PRODUCT_BUNDLE_IDENTIFIER = com.codefriends.Fictionary;
				PRODUCT_NAME = "$(TARGET_NAME)";
				PROVISIONING_PROFILE = "";
				SWIFT_OBJC_BRIDGING_HEADER = "Fictionary/Bridging-Header.h";
			};
			name = Release;
		};
/* End XCBuildConfiguration section */

/* Begin XCConfigurationList section */
		DBCFB4141D22DF5500200F10 /* Build configuration list for PBXProject "Fictionary" */ = {
			isa = XCConfigurationList;
			buildConfigurations = (
				DBCFB4291D22DF5500200F10 /* Debug */,
				DBCFB42A1D22DF5500200F10 /* Release */,
			);
			defaultConfigurationIsVisible = 0;
			defaultConfigurationName = Release;
		};
		DBCFB42B1D22DF5500200F10 /* Build configuration list for PBXNativeTarget "Fictionary" */ = {
			isa = XCConfigurationList;
			buildConfigurations = (
				DBCFB42C1D22DF5500200F10 /* Debug */,
				DBCFB42D1D22DF5500200F10 /* Release */,
			);
			defaultConfigurationIsVisible = 0;
			defaultConfigurationName = Release;
		};
/* End XCConfigurationList section */
	};
	rootObject = DBCFB4111D22DF5500200F10 /* Project object */;
}
